
id: gr_bluetooth_multi_sniffer
label: Bluetooth Multi Sniffer
category: '[Bluetooth]'

parameters:
-   id: sample_rate
    label: sample_rate
    dtype: int
-   id: center_freq
    label: center_freq
    dtype: int
-   id: squelch_threshold
    label: squelch_threshold
    dtype: int
-   id: tun
    label: tun
    dtype: int

inputs:
-   domain: stream
    dtype: complex

templates:
    imports: from gnuradio import bluetooth
    make: bluetooth.multi_sniffer(${sample_rate}, ${center_freq}, ${squelch_threshold}, ${tun})

file_format: 1
