
id: gr_bluetooth_multi_UAP
label: Bluetooth Multi UAP
category: '[Bluetooth]'

parameters:
-   id: sample_rate
    label: sample_rate
    dtype: int
-   id: center_freq
    label: center_freq
    dtype: int
-   id: squelch_threshold
    label: squelch_threshold
    dtype: int
-   id: LAP
    label: LAP
    dtype: int

inputs:
-   domain: stream
    dtype: complex

templates:
    imports: from gnuradio import bluetooth
    make: bluetooth.gr_bluetooth_multi_UAP(${sample_rate}, ${center_freq}, ${squelch_threshold},${LAP})

file_format: 1
