
id: gr_bluetooth_multi_LAP
label: Bluetooth Multi LAP
category: '[Bluetooth]'

parameters:
-   id: sample_rate
    label: sample_rate
    dtype: int
-   id: center_freq
    label: center_freq
    dtype: int
-   id: squelch_threshold
    label: squelch_threshold
    dtype: int

inputs:
-   domain: stream
    dtype: complex

templates:
    imports: from gnuradio import bluetooth
    make: bluetooth.multi_LAP(${sample_rate}, ${center_freq}, ${squelch_threshold})

file_format: 1
